// !$*UTF8*$!
{
	archiveVersion = 1;
	classes = {
	};
	objectVersion = 48;
	objects = {

/* Begin PBXBuildFile section */
		A6287FB88E2CAA972AB37A8B /* Pods_Evolve_Markets.framework in Frameworks */ = {isa = PBXBuildFile; fileRef = 27B2F3C5769FC16C85C01825 /* Pods_Evolve_Markets.framework */; };
		D416507D20C36632000E07E1 /* UserAccountsViewController.swift in Sources */ = {isa = PBXBuildFile; fileRef = D416507C20C36632000E07E1 /* UserAccountsViewController.swift */; };
		D4526E8F20BB478200D377D7 /* AppDelegate.swift in Sources */ = {isa = PBXBuildFile; fileRef = D4526E8E20BB478200D377D7 /* AppDelegate.swift */; };
		D4526E9120BB478200D377D7 /* LoginViewController.swift in Sources */ = {isa = PBXBuildFile; fileRef = D4526E9020BB478200D377D7 /* LoginViewController.swift */; };
		D4526E9420BB478200D377D7 /* Main.storyboard in Resources */ = {isa = PBXBuildFile; fileRef = D4526E9220BB478200D377D7 /* Main.storyboard */; };
		D4526E9720BB478200D377D7 /* Evolve_Markets.xcdatamodeld in Sources */ = {isa = PBXBuildFile; fileRef = D4526E9520BB478200D377D7 /* Evolve_Markets.xcdatamodeld */; };
		D4526E9920BB478200D377D7 /* Assets.xcassets in Resources */ = {isa = PBXBuildFile; fileRef = D4526E9820BB478200D377D7 /* Assets.xcassets */; };
		D4526E9C20BB478200D377D7 /* LaunchScreen.storyboard in Resources */ = {isa = PBXBuildFile; fileRef = D4526E9A20BB478200D377D7 /* LaunchScreen.storyboard */; };
		D4526EA720BB4FF800D377D7 /* EMClient.swift in Sources */ = {isa = PBXBuildFile; fileRef = D4526EA620BB4FF800D377D7 /* EMClient.swift */; };
		D47B682320BEF0C20035F749 /* DisplayError.swift in Sources */ = {isa = PBXBuildFile; fileRef = D47B682220BEF0C20035F749 /* DisplayError.swift */; };
		D47B682C20BEF14E0035F749 /* UIMain.swift in Sources */ = {isa = PBXBuildFile; fileRef = D47B682B20BEF14E0035F749 /* UIMain.swift */; };
		D47B689B20BF2BDE0035F749 /* EMUser.swift in Sources */ = {isa = PBXBuildFile; fileRef = D47B689A20BF2BDE0035F749 /* EMUser.swift */; };
		D47B68A920C1A5430035F749 /* EMAccount.swift in Sources */ = {isa = PBXBuildFile; fileRef = D47B68A820C1A5430035F749 /* EMAccount.swift */; };
		D482340920D8156000D197D1 /* AccountSettingsViewController.swift in Sources */ = {isa = PBXBuildFile; fileRef = D482340820D8156000D197D1 /* AccountSettingsViewController.swift */; };
		D4A4C40520D44D4800D2D811 /* ActivityIndicator.swift in Sources */ = {isa = PBXBuildFile; fileRef = D4A4C40420D44D4800D2D811 /* ActivityIndicator.swift */; };
		D4C16AD320C8512100547C95 /* AccountCell.swift in Sources */ = {isa = PBXBuildFile; fileRef = D4C16AD220C8512100547C95 /* AccountCell.swift */; };
		D4EFDB1920DAABA600E7941E /* DataController.swift in Sources */ = {isa = PBXBuildFile; fileRef = D4EFDB1820DAABA600E7941E /* DataController.swift */; };
		D4F3C6E820CF4AE500C35683 /* NavViewController.swift in Sources */ = {isa = PBXBuildFile; fileRef = D4F3C6E720CF4AE500C35683 /* NavViewController.swift */; };
		D4F3C6F320D1654500C35683 /* EMConstants.swift in Sources */ = {isa = PBXBuildFile; fileRef = D4F3C6F220D1654500C35683 /* EMConstants.swift */; };
		D4FA3F0D20DCAD21000D78AB /* HistoryViewController.swift in Sources */ = {isa = PBXBuildFile; fileRef = D4FA3F0C20DCAD21000D78AB /* HistoryViewController.swift */; };
		D4FA3F1D20E064D7000D78AB /* UserSettingsViewController.swift in Sources */ = {isa = PBXBuildFile; fileRef = D4FA3F1C20E064D7000D78AB /* UserSettingsViewController.swift */; };
		D4FF7AF620BC8AB90066ADF0 /* LoginTextFieldDelegate.swift in Sources */ = {isa = PBXBuildFile; fileRef = D4FF7AF520BC8AB90066ADF0 /* LoginTextFieldDelegate.swift */; };
/* End PBXBuildFile section */

/* Begin PBXCopyFilesBuildPhase section */
		D4FF7AF420BB57610066ADF0 /* Embed Frameworks */ = {
			isa = PBXCopyFilesBuildPhase;
			buildActionMask = 2147483647;
			dstPath = "";
			dstSubfolderSpec = 10;
			files = (
			);
			name = "Embed Frameworks";
			runOnlyForDeploymentPostprocessing = 0;
		};
/* End PBXCopyFilesBuildPhase section */

/* Begin PBXFileReference section */
		1B912BE5E39515F67EE369FC /* Pods-Evolve.Markets.release.xcconfig */ = {isa = PBXFileReference; includeInIndex = 1; lastKnownFileType = text.xcconfig; name = "Pods-Evolve.Markets.release.xcconfig"; path = "Pods/Target Support Files/Pods-Evolve.Markets/Pods-Evolve.Markets.release.xcconfig"; sourceTree = "<group>"; };
		27B2F3C5769FC16C85C01825 /* Pods_Evolve_Markets.framework */ = {isa = PBXFileReference; explicitFileType = wrapper.framework; includeInIndex = 0; path = Pods_Evolve_Markets.framework; sourceTree = BUILT_PRODUCTS_DIR; };
		2964F6EA4006282944D8E89E /* Pods-Evolve.Markets.debug.xcconfig */ = {isa = PBXFileReference; includeInIndex = 1; lastKnownFileType = text.xcconfig; name = "Pods-Evolve.Markets.debug.xcconfig"; path = "Pods/Target Support Files/Pods-Evolve.Markets/Pods-Evolve.Markets.debug.xcconfig"; sourceTree = "<group>"; };
		D416507C20C36632000E07E1 /* UserAccountsViewController.swift */ = {isa = PBXFileReference; lastKnownFileType = sourcecode.swift; path = UserAccountsViewController.swift; sourceTree = "<group>"; };
		D4526E8B20BB478200D377D7 /* Evolve.Markets.app */ = {isa = PBXFileReference; explicitFileType = wrapper.application; includeInIndex = 0; path = Evolve.Markets.app; sourceTree = BUILT_PRODUCTS_DIR; };
		D4526E8E20BB478200D377D7 /* AppDelegate.swift */ = {isa = PBXFileReference; lastKnownFileType = sourcecode.swift; path = AppDelegate.swift; sourceTree = "<group>"; };
		D4526E9020BB478200D377D7 /* LoginViewController.swift */ = {isa = PBXFileReference; lastKnownFileType = sourcecode.swift; path = LoginViewController.swift; sourceTree = "<group>"; };
		D4526E9320BB478200D377D7 /* Base */ = {isa = PBXFileReference; lastKnownFileType = file.storyboard; name = Base; path = Base.lproj/Main.storyboard; sourceTree = "<group>"; };
		D4526E9620BB478200D377D7 /* Evolve_Markets.xcdatamodel */ = {isa = PBXFileReference; lastKnownFileType = wrapper.xcdatamodel; path = Evolve_Markets.xcdatamodel; sourceTree = "<group>"; };
		D4526E9820BB478200D377D7 /* Assets.xcassets */ = {isa = PBXFileReference; lastKnownFileType = folder.assetcatalog; path = Assets.xcassets; sourceTree = "<group>"; };
		D4526E9B20BB478200D377D7 /* Base */ = {isa = PBXFileReference; lastKnownFileType = file.storyboard; name = Base; path = Base.lproj/LaunchScreen.storyboard; sourceTree = "<group>"; };
		D4526E9D20BB478200D377D7 /* Info.plist */ = {isa = PBXFileReference; lastKnownFileType = text.plist.xml; path = Info.plist; sourceTree = "<group>"; };
		D4526EA620BB4FF800D377D7 /* EMClient.swift */ = {isa = PBXFileReference; lastKnownFileType = sourcecode.swift; path = EMClient.swift; sourceTree = "<group>"; };
		D47B682220BEF0C20035F749 /* DisplayError.swift */ = {isa = PBXFileReference; lastKnownFileType = sourcecode.swift; path = DisplayError.swift; sourceTree = "<group>"; };
		D47B682B20BEF14E0035F749 /* UIMain.swift */ = {isa = PBXFileReference; lastKnownFileType = sourcecode.swift; path = UIMain.swift; sourceTree = "<group>"; };
		D47B689A20BF2BDE0035F749 /* EMUser.swift */ = {isa = PBXFileReference; lastKnownFileType = sourcecode.swift; path = EMUser.swift; sourceTree = "<group>"; };
		D47B68A820C1A5430035F749 /* EMAccount.swift */ = {isa = PBXFileReference; lastKnownFileType = sourcecode.swift; path = EMAccount.swift; sourceTree = "<group>"; };
		D482340820D8156000D197D1 /* AccountSettingsViewController.swift */ = {isa = PBXFileReference; lastKnownFileType = sourcecode.swift; path = AccountSettingsViewController.swift; sourceTree = "<group>"; };
		D4A4C40420D44D4800D2D811 /* ActivityIndicator.swift */ = {isa = PBXFileReference; lastKnownFileType = sourcecode.swift; path = ActivityIndicator.swift; sourceTree = "<group>"; };
		D4C16AD220C8512100547C95 /* AccountCell.swift */ = {isa = PBXFileReference; lastKnownFileType = sourcecode.swift; path = AccountCell.swift; sourceTree = "<group>"; };
		D4EFDB1820DAABA600E7941E /* DataController.swift */ = {isa = PBXFileReference; lastKnownFileType = sourcecode.swift; path = DataController.swift; sourceTree = "<group>"; };
		D4F3C6E720CF4AE500C35683 /* NavViewController.swift */ = {isa = PBXFileReference; lastKnownFileType = sourcecode.swift; path = NavViewController.swift; sourceTree = "<group>"; };
		D4F3C6F220D1654500C35683 /* EMConstants.swift */ = {isa = PBXFileReference; lastKnownFileType = sourcecode.swift; path = EMConstants.swift; sourceTree = "<group>"; };
		D4FA3F0C20DCAD21000D78AB /* HistoryViewController.swift */ = {isa = PBXFileReference; lastKnownFileType = sourcecode.swift; path = HistoryViewController.swift; sourceTree = "<group>"; };
		D4FA3F1C20E064D7000D78AB /* UserSettingsViewController.swift */ = {isa = PBXFileReference; lastKnownFileType = sourcecode.swift; path = UserSettingsViewController.swift; sourceTree = "<group>"; };
		D4FF7AF520BC8AB90066ADF0 /* LoginTextFieldDelegate.swift */ = {isa = PBXFileReference; lastKnownFileType = sourcecode.swift; path = LoginTextFieldDelegate.swift; sourceTree = "<group>"; };
/* End PBXFileReference section */

/* Begin PBXFrameworksBuildPhase section */
		D4526E8820BB478200D377D7 /* Frameworks */ = {
			isa = PBXFrameworksBuildPhase;
			buildActionMask = 2147483647;
			files = (
				A6287FB88E2CAA972AB37A8B /* Pods_Evolve_Markets.framework in Frameworks */,
			);
			runOnlyForDeploymentPostprocessing = 0;
		};
/* End PBXFrameworksBuildPhase section */

/* Begin PBXGroup section */
		B418C5A32D59DC0374F8228C /* Pods */ = {
			isa = PBXGroup;
			children = (
				2964F6EA4006282944D8E89E /* Pods-Evolve.Markets.debug.xcconfig */,
				1B912BE5E39515F67EE369FC /* Pods-Evolve.Markets.release.xcconfig */,
			);
			name = Pods;
			sourceTree = "<group>";
		};
		D4526E8220BB478200D377D7 = {
			isa = PBXGroup;
			children = (
				D4526E8D20BB478200D377D7 /* Evolve.Markets */,
				D4526E8C20BB478200D377D7 /* Products */,
				D47B685920BF062F0035F749 /* Frameworks */,
				B418C5A32D59DC0374F8228C /* Pods */,
			);
			sourceTree = "<group>";
		};
		D4526E8C20BB478200D377D7 /* Products */ = {
			isa = PBXGroup;
			children = (
				D4526E8B20BB478200D377D7 /* Evolve.Markets.app */,
			);
			name = Products;
			sourceTree = "<group>";
		};
		D4526E8D20BB478200D377D7 /* Evolve.Markets */ = {
			isa = PBXGroup;
			children = (
				D4526EA820BB543E00D377D7 /* Libraries */,
				D4526E8E20BB478200D377D7 /* AppDelegate.swift */,
				D47B682B20BEF14E0035F749 /* UIMain.swift */,
				D4526EA520BB4FA800D377D7 /* Model */,
				D4526EA320BB4F8800D377D7 /* View */,
				D4526EA420BB4F9C00D377D7 /* Controllers */,
				D4526E9220BB478200D377D7 /* Main.storyboard */,
				D4526E9820BB478200D377D7 /* Assets.xcassets */,
				D4526E9A20BB478200D377D7 /* LaunchScreen.storyboard */,
				D4526E9D20BB478200D377D7 /* Info.plist */,
			);
			path = Evolve.Markets;
			sourceTree = "<group>";
		};
		D4526EA320BB4F8800D377D7 /* View */ = {
			isa = PBXGroup;
			children = (
				D4FF7AF520BC8AB90066ADF0 /* LoginTextFieldDelegate.swift */,
				D47B682220BEF0C20035F749 /* DisplayError.swift */,
				D4C16AD220C8512100547C95 /* AccountCell.swift */,
				D4A4C40420D44D4800D2D811 /* ActivityIndicator.swift */,
			);
			path = View;
			sourceTree = "<group>";
		};
		D4526EA420BB4F9C00D377D7 /* Controllers */ = {
			isa = PBXGroup;
			children = (
				D4526E9020BB478200D377D7 /* LoginViewController.swift */,
				D416507C20C36632000E07E1 /* UserAccountsViewController.swift */,
				D4F3C6E720CF4AE500C35683 /* NavViewController.swift */,
				D482340820D8156000D197D1 /* AccountSettingsViewController.swift */,
				D4FA3F0C20DCAD21000D78AB /* HistoryViewController.swift */,
				D4FA3F1C20E064D7000D78AB /* UserSettingsViewController.swift */,
			);
			path = Controllers;
			sourceTree = "<group>";
		};
		D4526EA520BB4FA800D377D7 /* Model */ = {
			isa = PBXGroup;
			children = (
				D4526EA620BB4FF800D377D7 /* EMClient.swift */,
				D47B689A20BF2BDE0035F749 /* EMUser.swift */,
				D47B68A820C1A5430035F749 /* EMAccount.swift */,
				D4F3C6F220D1654500C35683 /* EMConstants.swift */,
				D4EFDB1820DAABA600E7941E /* DataController.swift */,
				D4526E9520BB478200D377D7 /* Evolve_Markets.xcdatamodeld */,
			);
			path = Model;
			sourceTree = "<group>";
		};
		D4526EA820BB543E00D377D7 /* Libraries */ = {
			isa = PBXGroup;
			children = (
			);
			path = Libraries;
			sourceTree = "<group>";
		};
		D47B685920BF062F0035F749 /* Frameworks */ = {
			isa = PBXGroup;
			children = (
				27B2F3C5769FC16C85C01825 /* Pods_Evolve_Markets.framework */,
			);
			name = Frameworks;
			sourceTree = "<group>";
		};
/* End PBXGroup section */

/* Begin PBXNativeTarget section */
		D4526E8A20BB478200D377D7 /* Evolve.Markets */ = {
			isa = PBXNativeTarget;
			buildConfigurationList = D4526EA020BB478200D377D7 /* Build configuration list for PBXNativeTarget "Evolve.Markets" */;
			buildPhases = (
				164A76BC7525099CAB16AA2A /* [CP] Check Pods Manifest.lock */,
				D4526E8720BB478200D377D7 /* Sources */,
				D4526E8820BB478200D377D7 /* Frameworks */,
				D4526E8920BB478200D377D7 /* Resources */,
				D4FF7AF420BB57610066ADF0 /* Embed Frameworks */,
				892DE4CAF62EBC610ADD194D /* [CP] Embed Pods Frameworks */,
			);
			buildRules = (
			);
			dependencies = (
			);
			name = Evolve.Markets;
			productName = Evolve.Markets;
			productReference = D4526E8B20BB478200D377D7 /* Evolve.Markets.app */;
			productType = "com.apple.product-type.application";
		};
/* End PBXNativeTarget section */

/* Begin PBXProject section */
		D4526E8320BB478200D377D7 /* Project object */ = {
			isa = PBXProject;
			attributes = {
				LastSwiftUpdateCheck = 0910;
				LastUpgradeCheck = 0940;
				ORGANIZATIONNAME = atao;
				TargetAttributes = {
					D4526E8A20BB478200D377D7 = {
						CreatedOnToolsVersion = 9.1;
						ProvisioningStyle = Automatic;
					};
				};
			};
			buildConfigurationList = D4526E8620BB478200D377D7 /* Build configuration list for PBXProject "Evolve.Markets" */;
			compatibilityVersion = "Xcode 8.0";
			developmentRegion = en;
			hasScannedForEncodings = 0;
			knownRegions = (
				en,
				Base,
			);
			mainGroup = D4526E8220BB478200D377D7;
			productRefGroup = D4526E8C20BB478200D377D7 /* Products */;
			projectDirPath = "";
			projectRoot = "";
			targets = (
				D4526E8A20BB478200D377D7 /* Evolve.Markets */,
			);
		};
/* End PBXProject section */

/* Begin PBXResourcesBuildPhase section */
		D4526E8920BB478200D377D7 /* Resources */ = {
			isa = PBXResourcesBuildPhase;
			buildActionMask = 2147483647;
			files = (
				D4526E9C20BB478200D377D7 /* LaunchScreen.storyboard in Resources */,
				D4526E9920BB478200D377D7 /* Assets.xcassets in Resources */,
				D4526E9420BB478200D377D7 /* Main.storyboard in Resources */,
			);
			runOnlyForDeploymentPostprocessing = 0;
		};
/* End PBXResourcesBuildPhase section */

/* Begin PBXShellScriptBuildPhase section */
		164A76BC7525099CAB16AA2A /* [CP] Check Pods Manifest.lock */ = {
			isa = PBXShellScriptBuildPhase;
			buildActionMask = 2147483647;
			files = (
			);
			inputPaths = (
				"${PODS_PODFILE_DIR_PATH}/Podfile.lock",
				"${PODS_ROOT}/Manifest.lock",
			);
			name = "[CP] Check Pods Manifest.lock";
			outputPaths = (
				"$(DERIVED_FILE_DIR)/Pods-Evolve.Markets-checkManifestLockResult.txt",
			);
			runOnlyForDeploymentPostprocessing = 0;
			shellPath = /bin/sh;
			shellScript = "diff \"${PODS_PODFILE_DIR_PATH}/Podfile.lock\" \"${PODS_ROOT}/Manifest.lock\" > /dev/null\nif [ $? != 0 ] ; then\n    # print error to STDERR\n    echo \"error: The sandbox is not in sync with the Podfile.lock. Run 'pod install' or update your CocoaPods installation.\" >&2\n    exit 1\nfi\n# This output is used by Xcode 'outputs' to avoid re-running this script phase.\necho \"SUCCESS\" > \"${SCRIPT_OUTPUT_FILE_0}\"\n";
			showEnvVarsInLog = 0;
		};
		892DE4CAF62EBC610ADD194D /* [CP] Embed Pods Frameworks */ = {
			isa = PBXShellScriptBuildPhase;
			buildActionMask = 2147483647;
			files = (
			);
			inputPaths = (
				"${SRCROOT}/Pods/Target Support Files/Pods-Evolve.Markets/Pods-Evolve.Markets-frameworks.sh",
				"${BUILT_PRODUCTS_DIR}/Alamofire/Alamofire.framework",
				"${BUILT_PRODUCTS_DIR}/AlamofireNetworkActivityIndicator/AlamofireNetworkActivityIndicator.framework",
				"${BUILT_PRODUCTS_DIR}/AlamofireObjectMapper/AlamofireObjectMapper.framework",
				"${BUILT_PRODUCTS_DIR}/ObjectMapper/ObjectMapper.framework",
				"${BUILT_PRODUCTS_DIR}/SCLAlertView/SCLAlertView.framework",
			);
			name = "[CP] Embed Pods Frameworks";
			outputPaths = (
				"${TARGET_BUILD_DIR}/${FRAMEWORKS_FOLDER_PATH}/Alamofire.framework",
				"${TARGET_BUILD_DIR}/${FRAMEWORKS_FOLDER_PATH}/AlamofireNetworkActivityIndicator.framework",
				"${TARGET_BUILD_DIR}/${FRAMEWORKS_FOLDER_PATH}/AlamofireObjectMapper.framework",
				"${TARGET_BUILD_DIR}/${FRAMEWORKS_FOLDER_PATH}/ObjectMapper.framework",
				"${TARGET_BUILD_DIR}/${FRAMEWORKS_FOLDER_PATH}/SCLAlertView.framework",
			);
			runOnlyForDeploymentPostprocessing = 0;
			shellPath = /bin/sh;
			shellScript = "\"${SRCROOT}/Pods/Target Support Files/Pods-Evolve.Markets/Pods-Evolve.Markets-frameworks.sh\"\n";
			showEnvVarsInLog = 0;
		};
/* End PBXShellScriptBuildPhase section */

/* Begin PBXSourcesBuildPhase section */
		D4526E8720BB478200D377D7 /* Sources */ = {
			isa = PBXSourcesBuildPhase;
			buildActionMask = 2147483647;
			files = (
				D47B689B20BF2BDE0035F749 /* EMUser.swift in Sources */,
				D4A4C40520D44D4800D2D811 /* ActivityIndicator.swift in Sources */,
				D482340920D8156000D197D1 /* AccountSettingsViewController.swift in Sources */,
				D4FA3F0D20DCAD21000D78AB /* HistoryViewController.swift in Sources */,
				D4FA3F1D20E064D7000D78AB /* UserSettingsViewController.swift in Sources */,
				D4526E9120BB478200D377D7 /* LoginViewController.swift in Sources */,
				D4F3C6F320D1654500C35683 /* EMConstants.swift in Sources */,
				D4526E9720BB478200D377D7 /* Evolve_Markets.xcdatamodeld in Sources */,
				D4EFDB1920DAABA600E7941E /* DataController.swift in Sources */,
				D47B68A920C1A5430035F749 /* EMAccount.swift in Sources */,
				D4FF7AF620BC8AB90066ADF0 /* LoginTextFieldDelegate.swift in Sources */,
				D47B682320BEF0C20035F749 /* DisplayError.swift in Sources */,
				D416507D20C36632000E07E1 /* UserAccountsViewController.swift in Sources */,
				D47B682C20BEF14E0035F749 /* UIMain.swift in Sources */,
				D4526EA720BB4FF800D377D7 /* EMClient.swift in Sources */,
				D4C16AD320C8512100547C95 /* AccountCell.swift in Sources */,
				D4F3C6E820CF4AE500C35683 /* NavViewController.swift in Sources */,
				D4526E8F20BB478200D377D7 /* AppDelegate.swift in Sources */,
			);
			runOnlyForDeploymentPostprocessing = 0;
		};
/* End PBXSourcesBuildPhase section */

/* Begin PBXVariantGroup section */
		D4526E9220BB478200D377D7 /* Main.storyboard */ = {
			isa = PBXVariantGroup;
			children = (
				D4526E9320BB478200D377D7 /* Base */,
			);
			name = Main.storyboard;
			sourceTree = "<group>";
		};
		D4526E9A20BB478200D377D7 /* LaunchScreen.storyboard */ = {
			isa = PBXVariantGroup;
			children = (
				D4526E9B20BB478200D377D7 /* Base */,
			);
			name = LaunchScreen.storyboard;
			sourceTree = "<group>";
		};
/* End PBXVariantGroup section */

/* Begin XCBuildConfiguration section */
		D4526E9E20BB478200D377D7 /* Debug */ = {
			isa = XCBuildConfiguration;
			buildSettings = {
				ALWAYS_SEARCH_USER_PATHS = NO;
				CLANG_ANALYZER_NONNULL = YES;
				CLANG_ANALYZER_NUMBER_OBJECT_CONVERSION = YES_AGGRESSIVE;
				CLANG_CXX_LANGUAGE_STANDARD = "gnu++14";
				CLANG_CXX_LIBRARY = "libc++";
				CLANG_ENABLE_MODULES = YES;
				CLANG_ENABLE_OBJC_ARC = YES;
				CLANG_WARN_BLOCK_CAPTURE_AUTORELEASING = YES;
				CLANG_WARN_BOOL_CONVERSION = YES;
				CLANG_WARN_COMMA = YES;
				CLANG_WARN_CONSTANT_CONVERSION = YES;
				CLANG_WARN_DEPRECATED_OBJC_IMPLEMENTATIONS = YES;
				CLANG_WARN_DIRECT_OBJC_ISA_USAGE = YES_ERROR;
				CLANG_WARN_DOCUMENTATION_COMMENTS = YES;
				CLANG_WARN_EMPTY_BODY = YES;
				CLANG_WARN_ENUM_CONVERSION = YES;
				CLANG_WARN_INFINITE_RECURSION = YES;
				CLANG_WARN_INT_CONVERSION = YES;
				CLANG_WARN_NON_LITERAL_NULL_CONVERSION = YES;
				CLANG_WARN_OBJC_IMPLICIT_RETAIN_SELF = YES;
				CLANG_WARN_OBJC_LITERAL_CONVERSION = YES;
				CLANG_WARN_OBJC_ROOT_CLASS = YES_ERROR;
				CLANG_WARN_RANGE_LOOP_ANALYSIS = YES;
				CLANG_WARN_STRICT_PROTOTYPES = YES;
				CLANG_WARN_SUSPICIOUS_MOVE = YES;
				CLANG_WARN_UNGUARDED_AVAILABILITY = YES_AGGRESSIVE;
				CLANG_WARN_UNREACHABLE_CODE = YES;
				CLANG_WARN__DUPLICATE_METHOD_MATCH = YES;
				CODE_SIGN_IDENTITY = "iPhone Developer";
				COPY_PHASE_STRIP = NO;
				DEBUG_INFORMATION_FORMAT = dwarf;
				ENABLE_STRICT_OBJC_MSGSEND = YES;
				ENABLE_TESTABILITY = YES;
				GCC_C_LANGUAGE_STANDARD = gnu11;
				GCC_DYNAMIC_NO_PIC = NO;
				GCC_NO_COMMON_BLOCKS = YES;
				GCC_OPTIMIZATION_LEVEL = 0;
				GCC_PREPROCESSOR_DEFINITIONS = (
					"DEBUG=1",
					"$(inherited)",
				);
				GCC_WARN_64_TO_32_BIT_CONVERSION = YES;
				GCC_WARN_ABOUT_RETURN_TYPE = YES_ERROR;
				GCC_WARN_UNDECLARED_SELECTOR = YES;
				GCC_WARN_UNINITIALIZED_AUTOS = YES_AGGRESSIVE;
				GCC_WARN_UNUSED_FUNCTION = YES;
				GCC_WARN_UNUSED_VARIABLE = YES;
				IPHONEOS_DEPLOYMENT_TARGET = 11.1;
				MTL_ENABLE_DEBUG_INFO = YES;
				ONLY_ACTIVE_ARCH = YES;
				SDKROOT = iphoneos;
				SWIFT_ACTIVE_COMPILATION_CONDITIONS = DEBUG;
				SWIFT_OPTIMIZATION_LEVEL = "-Onone";
			};
			name = Debug;
		};
		D4526E9F20BB478200D377D7 /* Release */ = {
			isa = XCBuildConfiguration;
			buildSettings = {
				ALWAYS_SEARCH_USER_PATHS = NO;
				CLANG_ANALYZER_NONNULL = YES;
				CLANG_ANALYZER_NUMBER_OBJECT_CONVERSION = YES_AGGRESSIVE;
				CLANG_CXX_LANGUAGE_STANDARD = "gnu++14";
				CLANG_CXX_LIBRARY = "libc++";
				CLANG_ENABLE_MODULES = YES;
				CLANG_ENABLE_OBJC_ARC = YES;
				CLANG_WARN_BLOCK_CAPTURE_AUTORELEASING = YES;
				CLANG_WARN_BOOL_CONVERSION = YES;
				CLANG_WARN_COMMA = YES;
				CLANG_WARN_CONSTANT_CONVERSION = YES;
				CLANG_WARN_DEPRECATED_OBJC_IMPLEMENTATIONS = YES;
				CLANG_WARN_DIRECT_OBJC_ISA_USAGE = YES_ERROR;
				CLANG_WARN_DOCUMENTATION_COMMENTS = YES;
				CLANG_WARN_EMPTY_BODY = YES;
				CLANG_WARN_ENUM_CONVERSION = YES;
				CLANG_WARN_INFINITE_RECURSION = YES;
				CLANG_WARN_INT_CONVERSION = YES;
				CLANG_WARN_NON_LITERAL_NULL_CONVERSION = YES;
				CLANG_WARN_OBJC_IMPLICIT_RETAIN_SELF = YES;
				CLANG_WARN_OBJC_LITERAL_CONVERSION = YES;
				CLANG_WARN_OBJC_ROOT_CLASS = YES_ERROR;
				CLANG_WARN_RANGE_LOOP_ANALYSIS = YES;
				CLANG_WARN_STRICT_PROTOTYPES = YES;
				CLANG_WARN_SUSPICIOUS_MOVE = YES;
				CLANG_WARN_UNGUARDED_AVAILABILITY = YES_AGGRESSIVE;
				CLANG_WARN_UNREACHABLE_CODE = YES;
				CLANG_WARN__DUPLICATE_METHOD_MATCH = YES;
				CODE_SIGN_IDENTITY = "iPhone Developer";
				COPY_PHASE_STRIP = NO;
				DEBUG_INFORMATION_FORMAT = "dwarf-with-dsym";
				ENABLE_NS_ASSERTIONS = NO;
				ENABLE_STRICT_OBJC_MSGSEND = YES;
				GCC_C_LANGUAGE_STANDARD = gnu11;
				GCC_NO_COMMON_BLOCKS = YES;
				GCC_WARN_64_TO_32_BIT_CONVERSION = YES;
				GCC_WARN_ABOUT_RETURN_TYPE = YES_ERROR;
				GCC_WARN_UNDECLARED_SELECTOR = YES;
				GCC_WARN_UNINITIALIZED_AUTOS = YES_AGGRESSIVE;
				GCC_WARN_UNUSED_FUNCTION = YES;
				GCC_WARN_UNUSED_VARIABLE = YES;
				IPHONEOS_DEPLOYMENT_TARGET = 11.1;
				MTL_ENABLE_DEBUG_INFO = NO;
				SDKROOT = iphoneos;
				SWIFT_OPTIMIZATION_LEVEL = "-Owholemodule";
				VALIDATE_PRODUCT = YES;
			};
			name = Release;
		};
		D4526EA120BB478200D377D7 /* Debug */ = {
			isa = XCBuildConfiguration;
			baseConfigurationReference = 2964F6EA4006282944D8E89E /* Pods-Evolve.Markets.debug.xcconfig */;
			buildSettings = {
				ALWAYS_EMBED_SWIFT_STANDARD_LIBRARIES = YES;
				ASSETCATALOG_COMPILER_APPICON_NAME = AppIcon;
				CODE_SIGN_STYLE = Automatic;
				DEVELOPMENT_TEAM = FBBL6TKVF9;
				INFOPLIST_FILE = Evolve.Markets/Info.plist;
				IPHONEOS_DEPLOYMENT_TARGET = 11.4;
				LD_RUNPATH_SEARCH_PATHS = "$(inherited) @executable_path/Frameworks";
				PRODUCT_BUNDLE_IDENTIFIER = "atao.Evolve-Markets";
				PRODUCT_NAME = "$(TARGET_NAME)";
				SWIFT_VERSION = 4.0;
				TARGETED_DEVICE_FAMILY = "1,2";
			};
			name = Debug;
		};
		D4526EA220BB478200D377D7 /* Release */ = {
			isa = XCBuildConfiguration;
			baseConfigurationReference = 1B912BE5E39515F67EE369FC /* Pods-Evolve.Markets.release.xcconfig */;
			buildSettings = {
				ALWAYS_EMBED_SWIFT_STANDARD_LIBRARIES = YES;
				ASSETCATALOG_COMPILER_APPICON_NAME = AppIcon;
				CODE_SIGN_STYLE = Automatic;
				DEVELOPMENT_TEAM = FBBL6TKVF9;
				INFOPLIST_FILE = Evolve.Markets/Info.plist;
				IPHONEOS_DEPLOYMENT_TARGET = 11.4;
				LD_RUNPATH_SEARCH_PATHS = "$(inherited) @executable_path/Frameworks";
				PRODUCT_BUNDLE_IDENTIFIER = "atao.Evolve-Markets";
				PRODUCT_NAME = "$(TARGET_NAME)";
				SWIFT_VERSION = 4.0;
				TARGETED_DEVICE_FAMILY = "1,2";
			};
			name = Release;
		};
/* End XCBuildConfiguration section */

/* Begin XCConfigurationList section */
		D4526E8620BB478200D377D7 /* Build configuration list for PBXProject "Evolve.Markets" */ = {
			isa = XCConfigurationList;
			buildConfigurations = (
				D4526E9E20BB478200D377D7 /* Debug */,
				D4526E9F20BB478200D377D7 /* Release */,
			);
			defaultConfigurationIsVisible = 0;
			defaultConfigurationName = Release;
		};
		D4526EA020BB478200D377D7 /* Build configuration list for PBXNativeTarget "Evolve.Markets" */ = {
			isa = XCConfigurationList;
			buildConfigurations = (
				D4526EA120BB478200D377D7 /* Debug */,
				D4526EA220BB478200D377D7 /* Release */,
			);
			defaultConfigurationIsVisible = 0;
			defaultConfigurationName = Release;
		};
/* End XCConfigurationList section */

/* Begin XCVersionGroup section */
		D4526E9520BB478200D377D7 /* Evolve_Markets.xcdatamodeld */ = {
			isa = XCVersionGroup;
			children = (
				D4526E9620BB478200D377D7 /* Evolve_Markets.xcdatamodel */,
			);
			currentVersion = D4526E9620BB478200D377D7 /* Evolve_Markets.xcdatamodel */;
			path = Evolve_Markets.xcdatamodeld;
			sourceTree = "<group>";
			versionGroupType = wrapper.xcdatamodel;
		};
/* End XCVersionGroup section */
	};
	rootObject = D4526E8320BB478200D377D7 /* Project object */;
}
